# @generated - this file is auto-generated by `mise lock` https://mise.jdx.dev/dev-tools/mise-lock.html

lockfile_version = 2

[[tools.actionlint]]
version = "1.7.12"
backend = "aqua:rhysd/actionlint"
specifiers = ["latest"]

[tools.actionlint."platforms.linux-x64"]
checksum = "sha256:8aca8db96f1b94770f1b0d72b6dddcb1ebb8123cb3712530b08cc387b349a3d8"
url = "https://github.com/rhysd/actionlint/releases/download/v1.7.12/actionlint_1.7.12_linux_amd64.tar.gz"
url_api = "https://api.github.com/repos/rhysd/actionlint/releases/assets/384924896"
provenance = "github-attestations"

[tools.actionlint."platforms.linux-x64-baseline"]
checksum = "sha256:8aca8db96f1b94770f1b0d72b6dddcb1ebb8123cb3712530b08cc387b349a3d8"
url = "https://github.com/rhysd/actionlint/releases/download/v1.7.12/actionlint_1.7.12_linux_amd64.tar.gz"
url_api = "https://api.github.com/repos/rhysd/actionlint/releases/assets/384924896"
provenance = "github-attestations"

[tools.actionlint."platforms.linux-x64-musl"]
checksum = "sha256:8aca8db96f1b94770f1b0d72b6dddcb1ebb8123cb3712530b08cc387b349a3d8"
url = "https://github.com/rhysd/actionlint/releases/download/v1.7.12/actionlint_1.7.12_linux_amd64.tar.gz"
url_api = "https://api.github.com/repos/rhysd/actionlint/releases/assets/384924896"
provenance = "github-attestations"

[tools.actionlint."platforms.linux-x64-musl-baseline"]
checksum = "sha256:8aca8db96f1b94770f1b0d72b6dddcb1ebb8123cb3712530b08cc387b349a3d8"
url = "https://github.com/rhysd/actionlint/releases/download/v1.7.12/actionlint_1.7.12_linux_amd64.tar.gz"
url_api = "https://api.github.com/repos/rhysd/actionlint/releases/assets/384924896"
provenance = "github-attestations"

[[tools.ast-grep]]
version = "0.45.3"
backend = "aqua:ast-grep/ast-grep"
specifiers = [
    "0.45.3",
    "latest",
]

[tools.ast-grep."platforms.linux-x64"]
checksum = "sha256:f8ac830881339d1edee6b2652f54798c0f4da5a827f2db38a08ee31117783ce8"
url = "https://github.com/ast-grep/ast-grep/releases/download/0.45.3/app-x86_64-unknown-linux-gnu.zip"
url_api = "https://api.github.com/repos/ast-grep/ast-grep/releases/assets/537332692"

[tools.ast-grep."platforms.linux-x64-baseline"]
checksum = "sha256:f8ac830881339d1edee6b2652f54798c0f4da5a827f2db38a08ee31117783ce8"
url = "https://github.com/ast-grep/ast-grep/releases/download/0.45.3/app-x86_64-unknown-linux-gnu.zip"
url_api = "https://api.github.com/repos/ast-grep/ast-grep/releases/assets/537332692"

[[tools.bun]]
version = "1.4.2"
backend = "core:bun"
specifiers = ["latest"]

[tools.bun."platforms.linux-x64"]
checksum = "sha256:36368faef7527875d5ffa52e53cd48021741f2a83eb6208a8dd64068d422a913"
url = "https://github.com/oven-sh/bun/releases/download/bun-v1.4.2/bun-linux-x64.zip"

[tools.bun."platforms.linux-x64-baseline"]
checksum = "sha256:c678040f14fe0440eb839d37cbd0ce4c051a32da72806ac97de6a6aab6bf728f"
url = "https://github.com/oven-sh/bun/releases/download/bun-v1.4.2/bun-linux-x64-baseline.zip"

[tools.bun."platforms.linux-x64-musl"]
checksum = "sha256:4835eca59d6da70f4674f5642f6e459dcadab773695b2ed9922d131057989742"
url = "https://github.com/oven-sh/bun/releases/download/bun-v1.4.2/bun-linux-x64-musl.zip"

[tools.bun."platforms.linux-x64-musl-baseline"]
checksum = "sha256:76e1db84e98f22f78de0a87e309bfbbf297732847f9720db36750646c85c8c18"
url = "https://github.com/oven-sh/bun/releases/download/bun-v1.4.2/bun-linux-x64-musl-baseline.zip"

[[tools."github:kucherenko/jscpd"]]
version = "5.3.2"
backend = "github:kucherenko/jscpd"
specifiers = ["latest"]

[tools."github:kucherenko/jscpd"."platforms.linux-x64"]
checksum = "sha256:97259f222ea7f6d51a0f2faa98ed5889430233e0fb8d2c129f23d84aff4b93b2"
url = "https://github.com/kucherenko/jscpd/releases/download/v5.3.2/jscpd-linux-x64-gnu.tar.gz"
url_api = "https://api.github.com/repos/kucherenko/jscpd/releases/assets/583634214"
provenance = "github-attestations"

[[tools."github:microsoft/waza"]]
version = "0.38.7"
backend = "github:microsoft/waza"
specifiers = ["latest"]

[tools."github:microsoft/waza".options]
version_prefix = "v"

[tools."github:microsoft/waza"."platforms.linux-x64"]
checksum = "sha256:e227cd884173de796bc28c6cb1828498f250297e0e606a4e4504d14465ff879f"
url = "https://github.com/microsoft/waza/releases/download/v0.38.7/waza-linux-amd64"
url_api = "https://api.github.com/repos/microsoft/waza/releases/assets/520984881"

[[tools.gitleaks]]
version = "8.30.1"
backend = "aqua:gitleaks/gitleaks"
specifiers = [
    "8.30.1",
    "latest",
]

[tools.gitleaks."platforms.linux-x64"]
checksum = "sha256:551f6fc83ea457d62a0d98237cbad105af8d557003051f41f3e7ca7b3f2470eb"
url = "https://github.com/gitleaks/gitleaks/releases/download/v8.30.1/gitleaks_8.30.1_linux_x64.tar.gz"
url_api = "https://api.github.com/repos/gitleaks/gitleaks/releases/assets/378332058"

[tools.gitleaks."platforms.linux-x64-baseline"]
checksum = "sha256:551f6fc83ea457d62a0d98237cbad105af8d557003051f41f3e7ca7b3f2470eb"
url = "https://github.com/gitleaks/gitleaks/releases/download/v8.30.1/gitleaks_8.30.1_linux_x64.tar.gz"
url_api = "https://api.github.com/repos/gitleaks/gitleaks/releases/assets/378332058"

[tools.gitleaks."platforms.linux-x64-musl"]
checksum = "sha256:551f6fc83ea457d62a0d98237cbad105af8d557003051f41f3e7ca7b3f2470eb"
url = "https://github.com/gitleaks/gitleaks/releases/download/v8.30.1/gitleaks_8.30.1_linux_x64.tar.gz"
url_api = "https://api.github.com/repos/gitleaks/gitleaks/releases/assets/378332058"

[tools.gitleaks."platforms.linux-x64-musl-baseline"]
checksum = "sha256:551f6fc83ea457d62a0d98237cbad105af8d557003051f41f3e7ca7b3f2470eb"
url = "https://github.com/gitleaks/gitleaks/releases/download/v8.30.1/gitleaks_8.30.1_linux_x64.tar.gz"
url_api = "https://api.github.com/repos/gitleaks/gitleaks/releases/assets/378332058"

[[tools."pipx:semgrep"]]
version = "1.178.0"
backend = "pipx:semgrep"
specifiers = ["latest"]
uv = { path = ".mise/locks/pipx-semgrep/1.178.0", digest = "sha256:1dc6a1fedbc224feaf97ec2366b7ed6799ae52eef1b242647d5643e7363d1b39" }

[[tools.python]]
version = "3.13.15"
backend = "core:python"
specifiers = ["3.13"]

[tools.python."platforms.linux-x64"]
checksum = "sha256:d0b640eed27fbdd6f5f2bd33444aee53df2c8863f8b2a96f4094717411e3de9c"
url = "https://github.com/astral-sh/python-build-standalone/releases/download/20260924/cpython-3.13.15+20260924-x86_64-unknown-linux-gnu-install_only_stripped.tar.gz"
provenance = "github-attestations"

[tools.python."platforms.linux-x64-baseline"]
checksum = "sha256:d0b640eed27fbdd6f5f2bd33444aee53df2c8863f8b2a96f4094717411e3de9c"
url = "https://github.com/astral-sh/python-build-standalone/releases/download/20260924/cpython-3.13.15+20260924-x86_64-unknown-linux-gnu-install_only_stripped.tar.gz"
provenance = "github-attestations"

[tools.python."platforms.linux-x64-musl"]
checksum = "sha256:94c39f6249241858871b9fe9cae8b506076ed8291860b1334210a76c13ac2b65"
url = "https://github.com/astral-sh/python-build-standalone/releases/download/20260924/cpython-3.13.15+20260924-x86_64-unknown-linux-musl-install_only_stripped.tar.gz"
provenance = "github-attestations"

[tools.python."platforms.linux-x64-musl-baseline"]
checksum = "sha256:94c39f6249241858871b9fe9cae8b506076ed8291860b1334210a76c13ac2b65"
url = "https://github.com/astral-sh/python-build-standalone/releases/download/20260924/cpython-3.13.15+20260924-x86_64-unknown-linux-musl-install_only_stripped.tar.gz"
provenance = "github-attestations"

[[tools.shellcheck]]
version = "0.11.0"
backend = "aqua:koalaman/shellcheck"
specifiers = [
    "0.11.0",
    "latest",
]

[tools.shellcheck."platforms.linux-x64"]
checksum = "sha256:8c3be12b05d5c177a04c29e3c78ce89ac86f1595681cab149b65b97c4e227198"
url = "https://github.com/koalaman/shellcheck/releases/download/v0.11.0/shellcheck-v0.11.0.linux.x86_64.tar.xz"
url_api = "https://api.github.com/repos/koalaman/shellcheck/releases/assets/279056942"

[tools.shellcheck."platforms.linux-x64-baseline"]
checksum = "sha256:8c3be12b05d5c177a04c29e3c78ce89ac86f1595681cab149b65b97c4e227198"
url = "https://github.com/koalaman/shellcheck/releases/download/v0.11.0/shellcheck-v0.11.0.linux.x86_64.tar.xz"
url_api = "https://api.github.com/repos/koalaman/shellcheck/releases/assets/279056942"

[tools.shellcheck."platforms.linux-x64-musl"]
checksum = "sha256:8c3be12b05d5c177a04c29e3c78ce89ac86f1595681cab149b65b97c4e227198"
url = "https://github.com/koalaman/shellcheck/releases/download/v0.11.0/shellcheck-v0.11.0.linux.x86_64.tar.xz"
url_api = "https://api.github.com/repos/koalaman/shellcheck/releases/assets/279056942"

[tools.shellcheck."platforms.linux-x64-musl-baseline"]
checksum = "sha256:8c3be12b05d5c177a04c29e3c78ce89ac86f1595681cab149b65b97c4e227198"
url = "https://github.com/koalaman/shellcheck/releases/download/v0.11.0/shellcheck-v0.11.0.linux.x86_64.tar.xz"
url_api = "https://api.github.com/repos/koalaman/shellcheck/releases/assets/279056942"

[[tools.snyk]]
version = "1.1307.4"
backend = "aqua:snyk/cli"
specifiers = ["latest"]

[tools.snyk."platforms.linux-x64"]
checksum = "sha256:b0baee4fa4d7d11b7df927a1046cf8137a8a89fafac8101a45c3c0e0777ddc35"
url = "https://github.com/snyk/cli/releases/download/v1.1307.4/snyk-linux"
url_api = "https://api.github.com/repos/snyk/cli/releases/assets/584104972"

[tools.snyk."platforms.linux-x64-baseline"]
checksum = "sha256:b0baee4fa4d7d11b7df927a1046cf8137a8a89fafac8101a45c3c0e0777ddc35"
url = "https://github.com/snyk/cli/releases/download/v1.1307.4/snyk-linux"
url_api = "https://api.github.com/repos/snyk/cli/releases/assets/584104972"

[tools.snyk."platforms.linux-x64-musl"]
checksum = "sha256:be18bf047d9a15f7ff5b31f515d214f53f9510e620edb628459f9b10637c5cdb"
url = "https://github.com/snyk/cli/releases/download/v1.1307.4/snyk-alpine"
url_api = "https://api.github.com/repos/snyk/cli/releases/assets/584104976"

[tools.snyk."platforms.linux-x64-musl-baseline"]
checksum = "sha256:be18bf047d9a15f7ff5b31f515d214f53f9510e620edb628459f9b10637c5cdb"
url = "https://github.com/snyk/cli/releases/download/v1.1307.4/snyk-alpine"
url_api = "https://api.github.com/repos/snyk/cli/releases/assets/584104976"

[[tools.uv]]
version = "0.12.18"
backend = "aqua:astral-sh/uv"
specifiers = ["latest"]

[tools.uv."platforms.linux-x64"]
checksum = "sha256:89eadd7c76fc063887959510d5ba0ab1264dfd5f1143b925ddb73021a40acf16"
url = "https://github.com/astral-sh/uv/releases/download/0.12.18/uv-x86_64-unknown-linux-gnu.tar.gz"
url_api = "https://api.github.com/repos/astral-sh/uv/releases/assets/582430671"
provenance = "github-attestations"

[tools.uv."platforms.linux-x64-baseline"]
checksum = "sha256:89eadd7c76fc063887959510d5ba0ab1264dfd5f1143b925ddb73021a40acf16"
url = "https://github.com/astral-sh/uv/releases/download/0.12.18/uv-x86_64-unknown-linux-gnu.tar.gz"
url_api = "https://api.github.com/repos/astral-sh/uv/releases/assets/582430671"
provenance = "github-attestations"

[tools.uv."platforms.linux-x64-musl"]
checksum = "sha256:e38d97460b98ebfd31b197de0fe9fa578add4bc8ba0179b203dd3f87b99f98e6"
url = "https://github.com/astral-sh/uv/releases/download/0.12.18/uv-x86_64-unknown-linux-musl.tar.gz"
url_api = "https://api.github.com/repos/astral-sh/uv/releases/assets/582430675"
provenance = "github-attestations"

[tools.uv."platforms.linux-x64-musl-baseline"]
checksum = "sha256:e38d97460b98ebfd31b197de0fe9fa578add4bc8ba0179b203dd3f87b99f98e6"
url = "https://github.com/astral-sh/uv/releases/download/0.12.18/uv-x86_64-unknown-linux-musl.tar.gz"
url_api = "https://api.github.com/repos/astral-sh/uv/releases/assets/582430675"
provenance = "github-attestations"
