lockfileVersion: '9.0'

settings:
  autoInstallPeers: true
  excludeLinksFromLockfile: false

importers:

  .:
    dependencies:
      jscpd:
        specifier: 5.3.3
        version: 5.3.3

packages:

  jscpd-darwin-arm64@5.3.3:
    resolution: {integrity: sha512-fjjfjNf5p9jhEwFvgRyOteGPV7TYwPZ/bFhPiITs2KgvirDMOv7d5lgVSmS3BUHSBMyNwzxjyrAvvvSsE2LdXA==}
    cpu: [arm64]
    os: [darwin]

  jscpd-darwin-x64@5.3.3:
    resolution: {integrity: sha512-MnVxRZX0IWDHP+ze6cMNTQuRsyBy/UB58fgZm/+R8fyktYVScOtYEQw+6AOz2ng6EjzYaCxGJwzlni94yfEZkA==}
    cpu: [x64]
    os: [darwin]

  jscpd-linux-arm64-gnu@5.3.3:
    resolution: {integrity: sha512-sowSw71vQguhEGvM78tNECWCD3ZSSL8T2SE68GKEe89cux0ZjUXx3CRbcarladZ6Pzobpq7Koe4vtRVKHAdBEA==}
    cpu: [arm64]
    os: [linux]
    libc: [glibc]

  jscpd-linux-arm64-musl@5.3.3:
    resolution: {integrity: sha512-pPSPdzRZD3NNHi/5y3ud9z2E3SjIAYh7VWyGrIs0DVzwI7n/0paRFkQ0W6VCdWfPCK6Tnb1yeMgX/vOrygV0sg==}
    cpu: [arm64]
    os: [linux]
    libc: [musl]

  jscpd-linux-x64-gnu@5.3.3:
    resolution: {integrity: sha512-FwB2UrrGk5HWXPLlGnGBJJgTgE/f6zhE+MJYpkl2KZvMuj8y6bZqYTW+vgBy82aTqdgokKgEf6aScBeAqR63Fg==}
    cpu: [x64]
    os: [linux]
    libc: [glibc]

  jscpd-linux-x64-musl@5.3.3:
    resolution: {integrity: sha512-J4lN8yc6VieD1Hh/TvtOcRm7bZ3D20idaoy6VZb0iWEa9Ui5M5vJa+hOLK1ye6i6Lyn8CkkSBFCqS9jqsTiF9A==}
    cpu: [x64]
    os: [linux]
    libc: [musl]

  jscpd-windows-arm64-msvc@5.3.3:
    resolution: {integrity: sha512-mvvHaMrtEkiFdt09RWxbIvlgGfTH0Q7pBecUU4d4nYsz2+6Fs/7KKgWwiMQV80PPGRqCLvOkzpgBDnz9aAgbtA==}
    cpu: [arm64]
    os: [win32]

  jscpd-windows-x64-msvc@5.3.3:
    resolution: {integrity: sha512-4kinkEmmOfmv6glGbjihtmmoJoeR4Czg6dVoR/NNT88jKTnGWZdaSc83je4AEIdznyE9FHKPbg/WpqE9zNJFmQ==}
    cpu: [x64]
    os: [win32]

  jscpd@5.3.3:
    resolution: {integrity: sha512-BLSHnjrByjRCFENUOCPY/xYcPVOxSINTdybjUHuEAbEROmamD+BCQOTy2eLjxuyBWcR34ARV7q1O0/OOiJzxQg==}
    engines: {node: '>=18'}
    hasBin: true

snapshots:

  jscpd-darwin-arm64@5.3.3:
    optional: true

  jscpd-darwin-x64@5.3.3:
    optional: true

  jscpd-linux-arm64-gnu@5.3.3:
    optional: true

  jscpd-linux-arm64-musl@5.3.3:
    optional: true

  jscpd-linux-x64-gnu@5.3.3:
    optional: true

  jscpd-linux-x64-musl@5.3.3:
    optional: true

  jscpd-windows-arm64-msvc@5.3.3:
    optional: true

  jscpd-windows-x64-msvc@5.3.3:
    optional: true

  jscpd@5.3.3:
    optionalDependencies:
      jscpd-darwin-arm64: 5.3.3
      jscpd-darwin-x64: 5.3.3
      jscpd-linux-arm64-gnu: 5.3.3
      jscpd-linux-arm64-musl: 5.3.3
      jscpd-linux-x64-gnu: 5.3.3
      jscpd-linux-x64-musl: 5.3.3
      jscpd-windows-arm64-msvc: 5.3.3
      jscpd-windows-x64-msvc: 5.3.3
